<?xml version="1.0" encoding="utf-8"?>
<Project ToolsVersion="4.0" xmlns="http://schemas.microsoft.com/developer/msbuild/2003">
  <ItemGroup>
    <Filter Include="Source Files">
      <UniqueIdentifier>{4FC737F1-C7A5-4376-A066-2A32D752A2FF}</UniqueIdentifier>
      <Extensions>cpp;c;cc;cxx;def;odl;idl;hpj;bat;asm;asmx</Extensions>
    </Filter>
    <Filter Include="Header Files">
      <UniqueIdentifier>{93995380-89BD-4b04-88EB-625FBE52EBFB}</UniqueIdentifier>
      <Extensions>h;hh;hpp;hxx;hm;inl;inc;xsd</Extensions>
    </Filter>
    <Filter Include="Resource Files">
      <UniqueIdentifier>{67DA6AB6-F800-4c08-8B7A-83BB121AAD01}</UniqueIdentifier>
      <Extensions>rc;ico;cur;bmp;dlg;rc2;rct;bin;rgs;gif;jpg;jpeg;jpe;resx;tiff;tif;png;wav;mfcribbon-ms</Extensions>
    </Filter>
    <Filter Include="Header Files\Objects">
      <UniqueIdentifier>{230f9400-8b8d-405a-a3cf-da3792a0565d}</UniqueIdentifier>
    </Filter>
    <Filter Include="Source Files\Objects">
      <UniqueIdentifier>{39e727c8-0fb4-4f24-ab69-a24614023e1a}</UniqueIdentifier>
    </Filter>
    <Filter Include="Header Files\Objects\SimpleModels">
      <UniqueIdentifier>{4460952a-c233-49ed-8b5c-7bcbeb05df2f}</UniqueIdentifier>
    </Filter>
    <Filter Include="Header Files\Camera">
      <UniqueIdentifier>{d36bf3c3-7432-4c65-9eaa-f6cee8799fd5}</UniqueIdentifier>
    </Filter>
    <Filter Include="Header Files\Light">
      <UniqueIdentifier>{61a75a5f-ed46-4eb7-9950-dc857376e5c3}</UniqueIdentifier>
    </Filter>
    <Filter Include="Header Files\Enemy">
      <UniqueIdentifier>{03211253-2e02-4d67-b7f7-b1955abf24f7}</UniqueIdentifier>
    </Filter>
    <Filter Include="Source Files\Enemy">
      <UniqueIdentifier>{8d5a62ca-243a-4a1f-9190-d748abfb739e}</UniqueIdentifier>
    </Filter>
    <Filter Include="Source Files\Camera">
      <UniqueIdentifier>{06c4f09e-fed1-4303-a171-d3cbd9e3733f}</UniqueIdentifier>
    </Filter>
    <Filter Include="Source Files\Light">
      <UniqueIdentifier>{73cc784c-4cef-404b-9c26-0e9ef7f55414}</UniqueIdentifier>
    </Filter>
    <Filter Include="Header Files\Objects\LoadedModels">
      <UniqueIdentifier>{e159aed2-5f62-406b-be56-c30aa4ffea56}</UniqueIdentifier>
    </Filter>
    <Filter Include="Header Files\Objects\Sphere">
      <UniqueIdentifier>{e926d2a5-d8d1-4ca1-ac8c-9bb6d91a56ad}</UniqueIdentifier>
    </Filter>
    <Filter Include="Source Files\Objects\Sphere">
      <UniqueIdentifier>{0a9fc2b3-c62a-4c97-a149-e5d585d71cba}</UniqueIdentifier>
    </Filter>
    <Filter Include="Source Files\Objects\SimpleModels">
      <UniqueIdentifier>{b82ac2e7-3383-41d9-a068-9ce77f1a758c}</UniqueIdentifier>
    </Filter>
    <Filter Include="Source Files\Objects\LoadedModels">
      <UniqueIdentifier>{3d536632-bcc9-415c-9412-82418c275695}</UniqueIdentifier>
    </Filter>
    <Filter Include="Header Files\Defense">
      <UniqueIdentifier>{0567c0fd-ef39-42b4-a447-eacbbbde0d72}</UniqueIdentifier>
    </Filter>
    <Filter Include="Source Files\Defense">
      <UniqueIdentifier>{8fc3b175-1698-442f-96bc-5d4491457ab7}</UniqueIdentifier>
    </Filter>
  </ItemGroup>
  <ItemGroup>
    <ClCompile Include="TowerDefense.cpp">
      <Filter>Source Files</Filter>
    </ClCompile>
    <ClCompile Include="GameManager.cpp">
      <Filter>Source Files</Filter>
    </ClCompile>
    <ClCompile Include="Shader.cpp">
      <Filter>Source Files</Filter>
    </ClCompile>
    <ClCompile Include="InputManager.cpp">
      <Filter>Source Files</Filter>
    </ClCompile>
    <ClCompile Include="Scene.cpp">
      <Filter>Source Files</Filter>
    </ClCompile>
    <ClCompile Include="RenderManager.cpp">
      <Filter>Source Files</Filter>
    </ClCompile>
    <ClCompile Include="SceneObject.cpp">
      <Filter>Source Files\Objects</Filter>
    </ClCompile>
    <ClCompile Include="Enemy.cpp">
      <Filter>Source Files\Enemy</Filter>
    </ClCompile>
    <ClCompile Include="EnemyManager.cpp">
      <Filter>Source Files\Enemy</Filter>
    </ClCompile>
    <ClCompile Include="Player.cpp">
      <Filter>Source Files</Filter>
    </ClCompile>
    <ClCompile Include="CameraManager.cpp">
      <Filter>Source Files\Camera</Filter>
    </ClCompile>
    <ClCompile Include="Camera.cpp">
      <Filter>Source Files\Camera</Filter>
    </ClCompile>
    <ClCompile Include="PointLight.cpp">
      <Filter>Source Files\Light</Filter>
    </ClCompile>
    <ClCompile Include="LightManager.cpp">
      <Filter>Source Files\Light</Filter>
    </ClCompile>
    <ClCompile Include="Mesh.cpp">
      <Filter>Source Files\Objects\LoadedModels</Filter>
    </ClCompile>
    <ClCompile Include="Model.cpp">
      <Filter>Source Files\Objects\LoadedModels</Filter>
    </ClCompile>
    <ClCompile Include="ModelObject.cpp">
      <Filter>Source Files\Objects\LoadedModels</Filter>
    </ClCompile>
    <ClCompile Include="SimpleModel.cpp">
      <Filter>Source Files\Objects\SimpleModels</Filter>
    </ClCompile>
    <ClCompile Include="SimpleObject.cpp">
      <Filter>Source Files\Objects\SimpleModels</Filter>
    </ClCompile>
    <ClCompile Include="Sphere.cpp">
      <Filter>Source Files\Objects\Sphere</Filter>
    </ClCompile>
    <ClCompile Include="SphereObject.cpp">
      <Filter>Source Files\Objects\Sphere</Filter>
    </ClCompile>
    <ClCompile Include="DefenseManager.cpp">
      <Filter>Source Files\Defense</Filter>
    </ClCompile>
    <ClCompile Include="Defender.cpp">
      <Filter>Source Files\Defense</Filter>
    </ClCompile>
  </ItemGroup>
  <ItemGroup>
    <ClInclude Include="GameManager.h">
      <Filter>Header Files</Filter>
    </ClInclude>
    <ClInclude Include="Settings.h">
      <Filter>Header Files</Filter>
    </ClInclude>
    <ClInclude Include="Shader.h">
      <Filter>Header Files</Filter>
    </ClInclude>
    <ClInclude Include="InputManager.h">
      <Filter>Header Files</Filter>
    </ClInclude>
    <ClInclude Include="Scene.h">
      <Filter>Header Files</Filter>
    </ClInclude>
    <ClInclude Include="RenderManager.h">
      <Filter>Header Files</Filter>
    </ClInclude>
    <ClInclude Include="floorMap.h">
      <Filter>Header Files\Objects\SimpleModels</Filter>
    </ClInclude>
    <ClInclude Include="wallMap.h">
      <Filter>Header Files\Objects\SimpleModels</Filter>
    </ClInclude>
    <ClInclude Include="Camera.h">
      <Filter>Header Files\Camera</Filter>
    </ClInclude>
    <ClInclude Include="CameraManager.h">
      <Filter>Header Files\Camera</Filter>
    </ClInclude>
    <ClInclude Include="PointLight.h">
      <Filter>Header Files\Light</Filter>
    </ClInclude>
    <ClInclude Include="LightManager.h">
      <Filter>Header Files\Light</Filter>
    </ClInclude>
    <ClInclude Include="SceneObject.h">
      <Filter>Header Files\Objects</Filter>
    </ClInclude>
    <ClInclude Include="Enemy.h">
      <Filter>Header Files\Enemy</Filter>
    </ClInclude>
    <ClInclude Include="EnemyManager.h">
      <Filter>Header Files\Enemy</Filter>
    </ClInclude>
    <ClInclude Include="Player.h">
      <Filter>Header Files</Filter>
    </ClInclude>
    <ClInclude Include="Mesh.h">
      <Filter>Header Files\Objects\LoadedModels</Filter>
    </ClInclude>
    <ClInclude Include="Model.h">
      <Filter>Header Files\Objects\LoadedModels</Filter>
    </ClInclude>
    <ClInclude Include="ModelObject.h">
      <Filter>Header Files\Objects\LoadedModels</Filter>
    </ClInclude>
    <ClInclude Include="Sphere.h">
      <Filter>Header Files\Objects\Sphere</Filter>
    </ClInclude>
    <ClInclude Include="SphereObject.h">
      <Filter>Header Files\Objects\Sphere</Filter>
    </ClInclude>
    <ClInclude Include="SimpleModel.h">
      <Filter>Header Files\Objects\SimpleModels</Filter>
    </ClInclude>
    <ClInclude Include="SimpleObject.h">
      <Filter>Header Files\Objects\SimpleModels</Filter>
    </ClInclude>
    <ClInclude Include="Defender.h">
      <Filter>Header Files\Defense</Filter>
    </ClInclude>
    <ClInclude Include="DefenseManager.h">
      <Filter>Header Files\Defense</Filter>
    </ClInclude>
  </ItemGroup>
  <ItemGroup>
    <None Include="Shaders\model.frag">
      <Filter>Resource Files</Filter>
    </None>
    <None Include="Shaders\model.vs">
      <Filter>Resource Files</Filter>
    </None>
    <None Include="Shaders\simpleModel.frag">
      <Filter>Resource Files</Filter>
    </None>
    <None Include="Shaders\simpleModel.vs">
      <Filter>Resource Files</Filter>
    </None>
    <None Include="Shaders\LightShader.frag">
      <Filter>Resource Files</Filter>
    </None>
    <None Include="Shaders\LightShader.vs">
      <Filter>Resource Files</Filter>
    </None>
    <None Include="Shaders\Sphere.frag">
      <Filter>Resource Files</Filter>
    </None>
    <None Include="Shaders\Sphere.vs">
      <Filter>Resource Files</Filter>
    </None>
  </ItemGroup>
</Project>